github.com/adesupraptolaia/golang-modules-package v1.0.0 h1:3y5zAscQFjZ59dCJdY9DdNTVXRmgGUur0M983P85KKc=
github.com/adesupraptolaia/golang-modules-package v1.0.0/go.mod h1:AtdHVPZ/JQa6Ny/S14iyWZ3qexBHRNCAJ6/Xw2znXik=
github.com/adesupraptolaia/golang-modules-package v1.0.1 h1:jH3DewXeegnjdNqb+1FTnX6oMmYMbN6zsrNt6/gd22U=
github.com/adesupraptolaia/golang-modules-package v1.0.1/go.mod h1:AtdHVPZ/JQa6Ny/S14iyWZ3qexBHRNCAJ6/Xw2znXik=
